
Microsoft Visual Studio Solution File, Format Version 12.00
# Visual Studio Version 17
VisualStudioVersion = 17.6.33723.286
MinimumVisualStudioVersion = 10.0.40219.1
Project("{FAE04EC0-301F-11D3-BF4B-00C04F79EFBC}") = "8Task", "8Task\8Task.csproj", "{B8082578-EA1A-4681-833D-AACFB2CBD1BB}"
EndProject
Global
	GlobalSection(SolutionConfigurationPlatforms) = preSolution
		Debug|Any CPU = Debug|Any CPU
		Release|Any CPU = Release|Any CPU
	EndGlobalSection
	GlobalSection(ProjectConfigurationPlatforms) = postSolution
		{B8082578-EA1A-4681-833D-AACFB2CBD1BB}.Debug|Any CPU.ActiveCfg = Debug|Any CPU
		{B8082578-EA1A-4681-833D-AACFB2CBD1BB}.Debug|Any CPU.Build.0 = Debug|Any CPU
		{B8082578-EA1A-4681-833D-AACFB2CBD1BB}.Release|Any CPU.ActiveCfg = Release|Any CPU
		{B8082578-EA1A-4681-833D-AACFB2CBD1BB}.Release|Any CPU.Build.0 = Release|Any CPU
	EndGlobalSection
	GlobalSection(SolutionProperties) = preSolution
		HideSolutionNode = FALSE
	EndGlobalSection
	GlobalSection(ExtensibilityGlobals) = postSolution
		SolutionGuid = {08B769E9-09CD-49EE-854A-A0F062B4738F}
	EndGlobalSection
EndGlobal
